<?xml version="1.0" encoding="utf-8"?>
<Project ToolsVersion="4.0" xmlns="http://schemas.microsoft.com/developer/msbuild/2003">
  <ItemGroup>
    <ClCompile Include="..\src\Camera\Camera.cpp">
      <Filter>src</Filter>
    </ClCompile>
    <ClCompile Include="..\src\GameWorld.cpp">
      <Filter>src</Filter>
    </ClCompile>
    <ClCompile Include="..\src\main.cpp">
      <Filter>src</Filter>
    </ClCompile>
    <ClCompile Include="..\src\Map\map.cpp">
      <Filter>src</Filter>
    </ClCompile>
    <ClCompile Include="..\src\Scene\SGame.cpp">
      <Filter>src</Filter>
    </ClCompile>
    <ClCompile Include="..\src\Scene\STitle.cpp">
      <Filter>src</Filter>
    </ClCompile>
    <ClCompile Include="..\SimpleLib\CDirectXGraphics.cpp">
      <Filter>src\SimpleLib</Filter>
    </ClCompile>
    <ClCompile Include="..\SimpleLib\CMatrix.cpp">
      <Filter>src\SimpleLib</Filter>
    </ClCompile>
    <ClCompile Include="..\SimpleLib\CMesh.cpp">
      <Filter>src\SimpleLib</Filter>
    </ClCompile>
    <ClCompile Include="..\SimpleLib\CSurface.cpp">
      <Filter>src\SimpleLib</Filter>
    </ClCompile>
    <ClCompile Include="..\SimpleLib\CTexture.cpp">
      <Filter>src\SimpleLib</Filter>
    </ClCompile>
    <ClCompile Include="..\SimpleLib\CVector2.cpp">
      <Filter>src\SimpleLib</Filter>
    </ClCompile>
    <ClCompile Include="..\SimpleLib\CVector3.cpp">
      <Filter>src\SimpleLib</Filter>
    </ClCompile>
    <ClCompile Include="..\SimpleLib\Helper.cpp">
      <Filter>src\SimpleLib</Filter>
    </ClCompile>
    <ClCompile Include="..\src\System\RouteSearch.cpp">
      <Filter>src\System</Filter>
    </ClCompile>
    <ClCompile Include="..\src\System\KeyInput.cpp">
      <Filter>src\System</Filter>
    </ClCompile>
    <ClCompile Include="..\src\Car\CarBase.cpp">
      <Filter>src\Car</Filter>
    </ClCompile>
    <ClCompile Include="..\src\Car\Taxi.cpp">
      <Filter>src\Car</Filter>
    </ClCompile>
    <ClCompile Include="..\src\Car\Bus.cpp">
      <Filter>src\Car</Filter>
    </ClCompile>
    <ClCompile Include="..\src\Car\OneBox.cpp">
      <Filter>src\Car</Filter>
    </ClCompile>
    <ClCompile Include="..\src\Car\Sedan.cpp">
      <Filter>src\Car</Filter>
    </ClCompile>
    <ClCompile Include="..\src\Car\Truck.cpp">
      <Filter>src\Car</Filter>
    </ClCompile>
  </ItemGroup>
  <ItemGroup>
    <ClInclude Include="..\src\Camera\Camera.h">
      <Filter>src</Filter>
    </ClInclude>
    <ClInclude Include="..\src\GameWorld.h">
      <Filter>src</Filter>
    </ClInclude>
    <ClInclude Include="..\src\main.h">
      <Filter>src</Filter>
    </ClInclude>
    <ClInclude Include="..\src\Map\map.h">
      <Filter>src</Filter>
    </ClInclude>
    <ClInclude Include="..\src\Scene\SceneBase.h">
      <Filter>src</Filter>
    </ClInclude>
    <ClInclude Include="..\src\Scene\SGame.h">
      <Filter>src</Filter>
    </ClInclude>
    <ClInclude Include="..\src\Scene\STitle.h">
      <Filter>src</Filter>
    </ClInclude>
    <ClInclude Include="..\SimpleLib\CDirectXGraphics.h">
      <Filter>src\SimpleLib</Filter>
    </ClInclude>
    <ClInclude Include="..\SimpleLib\CMatrix.h">
      <Filter>src\SimpleLib</Filter>
    </ClInclude>
    <ClInclude Include="..\SimpleLib\CMesh.h">
      <Filter>src\SimpleLib</Filter>
    </ClInclude>
    <ClInclude Include="..\SimpleLib\CSurface.h">
      <Filter>src\SimpleLib</Filter>
    </ClInclude>
    <ClInclude Include="..\SimpleLib\CTexture.h">
      <Filter>src\SimpleLib</Filter>
    </ClInclude>
    <ClInclude Include="..\SimpleLib\CVector2.h">
      <Filter>src\SimpleLib</Filter>
    </ClInclude>
    <ClInclude Include="..\SimpleLib\CVector3.h">
      <Filter>src\SimpleLib</Filter>
    </ClInclude>
    <ClInclude Include="..\SimpleLib\Helper.h">
      <Filter>src\SimpleLib</Filter>
    </ClInclude>
    <ClInclude Include="..\src\System\RouteSearch.h">
      <Filter>src\System</Filter>
    </ClInclude>
    <ClInclude Include="..\src\System\KeyInput.h">
      <Filter>src\System</Filter>
    </ClInclude>
    <ClInclude Include="..\SimpleLib\SimpleLib.h">
      <Filter>src\SimpleLib</Filter>
    </ClInclude>
    <ClInclude Include="..\src\Car\CarBase.h">
      <Filter>src\Car</Filter>
    </ClInclude>
    <ClInclude Include="..\src\Car\Taxi.h">
      <Filter>src\Car</Filter>
    </ClInclude>
    <ClInclude Include="..\src\Car\Bus.h">
      <Filter>src\Car</Filter>
    </ClInclude>
    <ClInclude Include="..\src\Car\OneBox.h">
      <Filter>src\Car</Filter>
    </ClInclude>
    <ClInclude Include="..\src\Car\Sedan.h">
      <Filter>src\Car</Filter>
    </ClInclude>
    <ClInclude Include="..\src\Car\Truck.h">
      <Filter>src\Car</Filter>
    </ClInclude>
  </ItemGroup>
  <ItemGroup>
    <Filter Include="src">
      <UniqueIdentifier>{595bfbd8-c67a-428c-928e-ce8d2118361e}</UniqueIdentifier>
    </Filter>
    <Filter Include="src\SimpleLib">
      <UniqueIdentifier>{a26de104-6d2d-44e3-99d5-adb6074755e1}</UniqueIdentifier>
    </Filter>
    <Filter Include="src\System">
      <UniqueIdentifier>{6f64151a-03d1-4769-a5de-29643f9624a7}</UniqueIdentifier>
    </Filter>
    <Filter Include="src\Car">
      <UniqueIdentifier>{07f3c513-45dd-431c-9c70-617712ccb54e}</UniqueIdentifier>
    </Filter>
  </ItemGroup>
</Project>